{
  "version": "5",
  "specifiers": {
    "jsr:@effection/effection@*": "3.5.0",
    "jsr:@frontside/continuation@0.1.6": "0.1.6",
    "jsr:@gabriel/ts-pattern@*": "5.7.1",
    "jsr:@simplewebauthn/server@13.1.1": "13.1.1",
    "jsr:@std/assert@1.0.10": "1.0.10",
    "jsr:@std/internal@^1.0.5": "1.0.9",
    "npm:@hexagon/base64@^1.1.27": "1.1.28",
    "npm:@levischuck/tiny-cbor@~0.2.2": "0.2.11",
    "npm:@peculiar/asn1-android@^2.3.10": "2.3.16",
    "npm:@peculiar/asn1-ecc@^2.3.8": "2.3.15",
    "npm:@peculiar/asn1-rsa@^2.3.8": "2.3.15",
    "npm:@peculiar/asn1-schema@^2.3.8": "2.3.15",
    "npm:@peculiar/asn1-x509@^2.3.8": "2.3.15",
    "npm:@types/node@*": "22.15.15"
  },
  "jsr": {
    "@effection/effection@3.5.0": {
      "integrity": "561159eebcdb13e128456dd85e8199c550e0f4479b3eb06e0cba3ce7e68606e1",
      "dependencies": [
        "jsr:@frontside/continuation",
        "jsr:@std/assert"
      ]
    },
    "@frontside/continuation@0.1.6": {
      "integrity": "f36a3b9ccdf49f0b15778a5e11a37d91bb097f67522f17ca5fbd668560b31c17"
    },
    "@gabriel/ts-pattern@5.7.1": {
      "integrity": "ca9e14ae0b5df2453941eefa00c914fbd7aa9fff5319fcf2b036714d858feb44"
    },
    "@simplewebauthn/server@13.1.1": {
      "integrity": "f62729ec72de0ce4333bc0e0c8bff64a23dd073a8695291998e5d17d4add06e8",
      "dependencies": [
        "npm:@hexagon/base64",
        "npm:@levischuck/tiny-cbor",
        "npm:@peculiar/asn1-android",
        "npm:@peculiar/asn1-ecc",
        "npm:@peculiar/asn1-rsa",
        "npm:@peculiar/asn1-schema",
        "npm:@peculiar/asn1-x509"
      ]
    },
    "@std/assert@1.0.10": {
      "integrity": "59b5cbac5bd55459a19045d95cc7c2ff787b4f8527c0dd195078ff6f9481fbb3",
      "dependencies": [
        "jsr:@std/internal"
      ]
    },
    "@std/internal@1.0.9": {
      "integrity": "bdfb97f83e4db7a13e8faab26fb1958d1b80cc64366501af78a0aee151696eb8"
    }
  },
  "npm": {
    "@hexagon/base64@1.1.28": {
      "integrity": "sha512-lhqDEAvWixy3bZ+UOYbPwUbBkwBq5C1LAJ/xPC8Oi+lL54oyakv/npbA0aU2hgCsx/1NUd4IBvV03+aUBWxerw=="
    },
    "@levischuck/tiny-cbor@0.2.11": {
      "integrity": "sha512-llBRm4dT4Z89aRsm6u2oEZ8tfwL/2l6BwpZ7JcyieouniDECM5AqNgr/y08zalEIvW3RSK4upYyybDcmjXqAow=="
    },
    "@peculiar/asn1-android@2.3.16": {
      "integrity": "sha512-a1viIv3bIahXNssrOIkXZIlI2ePpZaNmR30d4aBL99mu2rO+mT9D6zBsp7H6eROWGtmwv0Ionp5olJurIo09dw==",
      "dependencies": [
        "@peculiar/asn1-schema",
        "asn1js",
        "tslib"
      ]
    },
    "@peculiar/asn1-ecc@2.3.15": {
      "integrity": "sha512-/HtR91dvgog7z/WhCVdxZJ/jitJuIu8iTqiyWVgRE9Ac5imt2sT/E4obqIVGKQw7PIy+X6i8lVBoT6wC73XUgA==",
      "dependencies": [
        "@peculiar/asn1-schema",
        "@peculiar/asn1-x509",
        "asn1js",
        "tslib"
      ]
    },
    "@peculiar/asn1-rsa@2.3.15": {
      "integrity": "sha512-p6hsanvPhexRtYSOHihLvUUgrJ8y0FtOM97N5UEpC+VifFYyZa0iZ5cXjTkZoDwxJ/TTJ1IJo3HVTB2JJTpXvg==",
      "dependencies": [
        "@peculiar/asn1-schema",
        "@peculiar/asn1-x509",
        "asn1js",
        "tslib"
      ]
    },
    "@peculiar/asn1-schema@2.3.15": {
      "integrity": "sha512-QPeD8UA8axQREpgR5UTAfu2mqQmm97oUqahDtNdBcfj3qAnoXzFdQW+aNf/tD2WVXF8Fhmftxoj0eMIT++gX2w==",
      "dependencies": [
        "asn1js",
        "pvtsutils",
        "tslib"
      ]
    },
    "@peculiar/asn1-x509@2.3.15": {
      "integrity": "sha512-0dK5xqTqSLaxv1FHXIcd4Q/BZNuopg+u1l23hT9rOmQ1g4dNtw0g/RnEi+TboB0gOwGtrWn269v27cMgchFIIg==",
      "dependencies": [
        "@peculiar/asn1-schema",
        "asn1js",
        "pvtsutils",
        "tslib"
      ]
    },
    "@types/node@22.15.15": {
      "integrity": "sha512-R5muMcZob3/Jjchn5LcO8jdKwSCbzqmPB6ruBxMcf9kbxtniZHP327s6C37iOfuw8mbKK3cAQa7sEl7afLrQ8A==",
      "dependencies": [
        "undici-types"
      ]
    },
    "asn1js@3.0.6": {
      "integrity": "sha512-UOCGPYbl0tv8+006qks/dTgV9ajs97X2p0FAbyS2iyCRrmLSRolDaHdp+v/CLgnzHc3fVB+CwYiUmei7ndFcgA==",
      "dependencies": [
        "pvtsutils",
        "pvutils",
        "tslib"
      ]
    },
    "pvtsutils@1.3.6": {
      "integrity": "sha512-PLgQXQ6H2FWCaeRak8vvk1GW462lMxB5s3Jm673N82zI4vqtVUPuZdffdZbPDFRoU8kAhItWFtPCWiPpp4/EDg==",
      "dependencies": [
        "tslib"
      ]
    },
    "pvutils@1.1.3": {
      "integrity": "sha512-pMpnA0qRdFp32b1sJl1wOJNxZLQ2cbQx+k6tjNtZ8CpvVhNqEPRgivZ2WOUev2YMajecdH7ctUPDvEe87nariQ=="
    },
    "tslib@2.8.1": {
      "integrity": "sha512-oJFu94HQb+KVduSUQL7wnpmqnfmLsOA/nAh6b6EH0wCEoK0/mPeXU6c3wKDV83MkOuHPRHtSXKKU99IBazS/2w=="
    },
    "undici-types@6.21.0": {
      "integrity": "sha512-iwDZqg0QAGrg9Rav5H4n0M64c3mkR59cJ6wQp+7C4nI0gsmExaedaYLNO44eT4AtBBwjbTiGPMlt2Md0T9H9JQ=="
    }
  },
  "workspace": {
    "dependencies": [
      "jsr:@effection/effection@^3.4.0",
      "jsr:@gabriel/ts-pattern@^5.6.2",
      "jsr:@simplewebauthn/server@13.1.1",
      "jsr:@std/assert@1"
    ]
  }
}
